
Microsoft Visual Studio Solution File, Format Version 12.00
# Visual Studio Version 17
VisualStudioVersion = 17.11.35327.3
MinimumVisualStudioVersion = 10.0.40219.1
Project("{FAE04EC0-301F-11D3-BF4B-00C04F79EFBC}") = "JaggedArray _5", "JaggedArray _5\JaggedArray _5.csproj", "{3BAF22B1-98F1-4288-9FD9-E0EE0F19D0D2}"
EndProject
Global
	GlobalSection(SolutionConfigurationPlatforms) = preSolution
		Debug|Any CPU = Debug|Any CPU
		Release|Any CPU = Release|Any CPU
	EndGlobalSection
	GlobalSection(ProjectConfigurationPlatforms) = postSolution
		{3BAF22B1-98F1-4288-9FD9-E0EE0F19D0D2}.Debug|Any CPU.ActiveCfg = Debug|Any CPU
		{3BAF22B1-98F1-4288-9FD9-E0EE0F19D0D2}.Debug|Any CPU.Build.0 = Debug|Any CPU
		{3BAF22B1-98F1-4288-9FD9-E0EE0F19D0D2}.Release|Any CPU.ActiveCfg = Release|Any CPU
		{3BAF22B1-98F1-4288-9FD9-E0EE0F19D0D2}.Release|Any CPU.Build.0 = Release|Any CPU
	EndGlobalSection
	GlobalSection(SolutionProperties) = preSolution
		HideSolutionNode = FALSE
	EndGlobalSection
	GlobalSection(ExtensibilityGlobals) = postSolution
		SolutionGuid = {B7328E31-8EDD-4A84-86DD-5669270760A2}
	EndGlobalSection
EndGlobal
