
Microsoft Visual Studio Solution File, Format Version 12.00
# Visual Studio Version 17
VisualStudioVersion = 17.11.35327.3
MinimumVisualStudioVersion = 10.0.40219.1
Project("{FAE04EC0-301F-11D3-BF4B-00C04F79EFBC}") = "Encapsulation_7", "Encapsulation_7\Encapsulation_7.csproj", "{0047227C-9E1F-4E06-8AB8-4520FF95B152}"
EndProject
Global
	GlobalSection(SolutionConfigurationPlatforms) = preSolution
		Debug|Any CPU = Debug|Any CPU
		Release|Any CPU = Release|Any CPU
	EndGlobalSection
	GlobalSection(ProjectConfigurationPlatforms) = postSolution
		{0047227C-9E1F-4E06-8AB8-4520FF95B152}.Debug|Any CPU.ActiveCfg = Debug|Any CPU
		{0047227C-9E1F-4E06-8AB8-4520FF95B152}.Debug|Any CPU.Build.0 = Debug|Any CPU
		{0047227C-9E1F-4E06-8AB8-4520FF95B152}.Release|Any CPU.ActiveCfg = Release|Any CPU
		{0047227C-9E1F-4E06-8AB8-4520FF95B152}.Release|Any CPU.Build.0 = Release|Any CPU
	EndGlobalSection
	GlobalSection(SolutionProperties) = preSolution
		HideSolutionNode = FALSE
	EndGlobalSection
	GlobalSection(ExtensibilityGlobals) = postSolution
		SolutionGuid = {56BF791E-2B84-48B4-B95E-EFEF98AE18B2}
	EndGlobalSection
EndGlobal
